
Microsoft Visual Studio Solution File, Format Version 12.00
# Visual Studio Version 16
VisualStudioVersion = 16.0.29001.49
MinimumVisualStudioVersion = 10.0.40219.1
Project("{FAE04EC0-301F-11D3-BF4B-00C04F79EFBC}") = "PhysicsPlayground", "PhysicsPlayground\PhysicsPlayground.csproj", "{E9536E2C-63CD-4F63-B129-E51B857FB084}"
EndProject
Project("{FAE04EC0-301F-11D3-BF4B-00C04F79EFBC}") = "PhysicsPlayground.ConsoleTests", "PhysicsPlayground.ConsoleTests\PhysicsPlayground.ConsoleTests.csproj", "{E6F40734-CF24-4355-A905-AD548E42CCDC}"
EndProject
Project("{9A19103F-16F7-4668-BE54-9A1E7A4F7556}") = "PhysicsPlayground.Engine", "PhysicsPlayground.Engine\PhysicsPlayground.Engine.csproj", "{2ED086C3-28CA-4ADD-A5ED-D4D50AD23A6D}"
EndProject
Project("{9A19103F-16F7-4668-BE54-9A1E7A4F7556}") = "PhysicsLibrary.Engine.Momentum", "PhysicsLibrary.Engine.Momentum\PhysicsLibrary.Engine.Momentum.csproj", "{F78241A2-9675-401F-A665-3FAD7119D0BE}"
EndProject
Project("{9A19103F-16F7-4668-BE54-9A1E7A4F7556}") = "PhysicsPlayground.Engine.ConstantForces", "PhysicsPlayground.Engine.ConstantForces\PhysicsPlayground.Engine.ConstantForces.csproj", "{6B26DDC0-C1F8-4E83-B877-F3E872FF17F3}"
EndProject
Project("{9A19103F-16F7-4668-BE54-9A1E7A4F7556}") = "PhysicsPlayground.Simulation", "PhysicsPlayground.Simulation\PhysicsPlayground.Simulation.csproj", "{54F8161B-B38C-4817-A5C1-349781A73B15}"
EndProject
Project("{FAE04EC0-301F-11D3-BF4B-00C04F79EFBC}") = "PhysicsPlayground.Math", "PhysicsPlayground.Math\PhysicsPlayground.Math.csproj", "{45428B8D-19CF-4880-80A6-002D3FA199D4}"
EndProject
Global
	GlobalSection(SolutionConfigurationPlatforms) = preSolution
		Debug|Any CPU = Debug|Any CPU
		Release|Any CPU = Release|Any CPU
	EndGlobalSection
	GlobalSection(ProjectConfigurationPlatforms) = postSolution
		{E9536E2C-63CD-4F63-B129-E51B857FB084}.Debug|Any CPU.ActiveCfg = Debug|Any CPU
		{E9536E2C-63CD-4F63-B129-E51B857FB084}.Debug|Any CPU.Build.0 = Debug|Any CPU
		{E9536E2C-63CD-4F63-B129-E51B857FB084}.Release|Any CPU.ActiveCfg = Release|Any CPU
		{E9536E2C-63CD-4F63-B129-E51B857FB084}.Release|Any CPU.Build.0 = Release|Any CPU
		{E6F40734-CF24-4355-A905-AD548E42CCDC}.Debug|Any CPU.ActiveCfg = Debug|Any CPU
		{E6F40734-CF24-4355-A905-AD548E42CCDC}.Debug|Any CPU.Build.0 = Debug|Any CPU
		{E6F40734-CF24-4355-A905-AD548E42CCDC}.Release|Any CPU.ActiveCfg = Release|Any CPU
		{E6F40734-CF24-4355-A905-AD548E42CCDC}.Release|Any CPU.Build.0 = Release|Any CPU
		{2ED086C3-28CA-4ADD-A5ED-D4D50AD23A6D}.Debug|Any CPU.ActiveCfg = Debug|Any CPU
		{2ED086C3-28CA-4ADD-A5ED-D4D50AD23A6D}.Debug|Any CPU.Build.0 = Debug|Any CPU
		{2ED086C3-28CA-4ADD-A5ED-D4D50AD23A6D}.Release|Any CPU.ActiveCfg = Release|Any CPU
		{2ED086C3-28CA-4ADD-A5ED-D4D50AD23A6D}.Release|Any CPU.Build.0 = Release|Any CPU
		{F78241A2-9675-401F-A665-3FAD7119D0BE}.Debug|Any CPU.ActiveCfg = Debug|Any CPU
		{F78241A2-9675-401F-A665-3FAD7119D0BE}.Debug|Any CPU.Build.0 = Debug|Any CPU
		{F78241A2-9675-401F-A665-3FAD7119D0BE}.Release|Any CPU.ActiveCfg = Release|Any CPU
		{F78241A2-9675-401F-A665-3FAD7119D0BE}.Release|Any CPU.Build.0 = Release|Any CPU
		{6B26DDC0-C1F8-4E83-B877-F3E872FF17F3}.Debug|Any CPU.ActiveCfg = Debug|Any CPU
		{6B26DDC0-C1F8-4E83-B877-F3E872FF17F3}.Debug|Any CPU.Build.0 = Debug|Any CPU
		{6B26DDC0-C1F8-4E83-B877-F3E872FF17F3}.Release|Any CPU.ActiveCfg = Release|Any CPU
		{6B26DDC0-C1F8-4E83-B877-F3E872FF17F3}.Release|Any CPU.Build.0 = Release|Any CPU
		{54F8161B-B38C-4817-A5C1-349781A73B15}.Debug|Any CPU.ActiveCfg = Debug|Any CPU
		{54F8161B-B38C-4817-A5C1-349781A73B15}.Debug|Any CPU.Build.0 = Debug|Any CPU
		{54F8161B-B38C-4817-A5C1-349781A73B15}.Release|Any CPU.ActiveCfg = Release|Any CPU
		{54F8161B-B38C-4817-A5C1-349781A73B15}.Release|Any CPU.Build.0 = Release|Any CPU
		{45428B8D-19CF-4880-80A6-002D3FA199D4}.Debug|Any CPU.ActiveCfg = Debug|Any CPU
		{45428B8D-19CF-4880-80A6-002D3FA199D4}.Debug|Any CPU.Build.0 = Debug|Any CPU
		{45428B8D-19CF-4880-80A6-002D3FA199D4}.Release|Any CPU.ActiveCfg = Release|Any CPU
		{45428B8D-19CF-4880-80A6-002D3FA199D4}.Release|Any CPU.Build.0 = Release|Any CPU
	EndGlobalSection
	GlobalSection(SolutionProperties) = preSolution
		HideSolutionNode = FALSE
	EndGlobalSection
	GlobalSection(ExtensibilityGlobals) = postSolution
		SolutionGuid = {2D61A6C0-3EF3-4430-95AB-A422A6EE202E}
	EndGlobalSection
EndGlobal
